
Microsoft Visual Studio Solution File, Format Version 12.00
# Visual Studio 15
VisualStudioVersion = 15.0.28010.2041
MinimumVisualStudioVersion = 10.0.40219.1
Project("{FAE04EC0-301F-11D3-BF4B-00C04F79EFBC}") = "CalculatorGUI", "CalculatorGUI\CalculatorGUI.csproj", "{A9EE0167-93C5-4228-BA35-3E47C16D739F}"
EndProject
Project("{FAE04EC0-301F-11D3-BF4B-00C04F79EFBC}") = "CalculatorUnitTest", "CalculatorUnitTest\CalculatorUnitTest.csproj", "{465FC441-E425-4402-BA0C-1E5B6B3182AC}"
EndProject
Project("{FAE04EC0-301F-11D3-BF4B-00C04F79EFBC}") = "CalculatorLogic", "CalculatorLogic\CalculatorLogic.csproj", "{C233A8CD-A27A-4F86-8531-0A470693424F}"
EndProject
Global
	GlobalSection(SolutionConfigurationPlatforms) = preSolution
		Debug|Any CPU = Debug|Any CPU
		Release|Any CPU = Release|Any CPU
	EndGlobalSection
	GlobalSection(ProjectConfigurationPlatforms) = postSolution
		{A9EE0167-93C5-4228-BA35-3E47C16D739F}.Debug|Any CPU.ActiveCfg = Debug|Any CPU
		{A9EE0167-93C5-4228-BA35-3E47C16D739F}.Debug|Any CPU.Build.0 = Debug|Any CPU
		{A9EE0167-93C5-4228-BA35-3E47C16D739F}.Release|Any CPU.ActiveCfg = Release|Any CPU
		{A9EE0167-93C5-4228-BA35-3E47C16D739F}.Release|Any CPU.Build.0 = Release|Any CPU
		{465FC441-E425-4402-BA0C-1E5B6B3182AC}.Debug|Any CPU.ActiveCfg = Debug|Any CPU
		{465FC441-E425-4402-BA0C-1E5B6B3182AC}.Debug|Any CPU.Build.0 = Debug|Any CPU
		{465FC441-E425-4402-BA0C-1E5B6B3182AC}.Release|Any CPU.ActiveCfg = Release|Any CPU
		{465FC441-E425-4402-BA0C-1E5B6B3182AC}.Release|Any CPU.Build.0 = Release|Any CPU
		{C233A8CD-A27A-4F86-8531-0A470693424F}.Debug|Any CPU.ActiveCfg = Debug|Any CPU
		{C233A8CD-A27A-4F86-8531-0A470693424F}.Debug|Any CPU.Build.0 = Debug|Any CPU
		{C233A8CD-A27A-4F86-8531-0A470693424F}.Release|Any CPU.ActiveCfg = Release|Any CPU
		{C233A8CD-A27A-4F86-8531-0A470693424F}.Release|Any CPU.Build.0 = Release|Any CPU
	EndGlobalSection
	GlobalSection(SolutionProperties) = preSolution
		HideSolutionNode = FALSE
	EndGlobalSection
	GlobalSection(ExtensibilityGlobals) = postSolution
		SolutionGuid = {23D604C1-6976-41F7-83AA-8FA976DADC1F}
	EndGlobalSection
EndGlobal
